// !$*UTF8*$!
{
	archiveVersion = 1;
	classes = {
	};
	objectVersion = 50;
	objects = {

/* Begin PBXBuildFile section */
		B604AFD8245D760600FF8211 /* AppDelegate.swift in Sources */ = {isa = PBXBuildFile; fileRef = B604AFD7245D760600FF8211 /* AppDelegate.swift */; };
		B604AFDA245D760600FF8211 /* SceneDelegate.swift in Sources */ = {isa = PBXBuildFile; fileRef = B604AFD9245D760600FF8211 /* SceneDelegate.swift */; };
		B604AFDC245D760600FF8211 /* ViewController.swift in Sources */ = {isa = PBXBuildFile; fileRef = B604AFDB245D760600FF8211 /* ViewController.swift */; };
		B604AFDF245D760600FF8211 /* Main.storyboard in Resources */ = {isa = PBXBuildFile; fileRef = B604AFDD245D760600FF8211 /* Main.storyboard */; };
		B604AFE2245D760600FF8211 /* MindImprovement.xcdatamodeld in Sources */ = {isa = PBXBuildFile; fileRef = B604AFE0245D760600FF8211 /* MindImprovement.xcdatamodeld */; };
		B604AFE4245D760700FF8211 /* Assets.xcassets in Resources */ = {isa = PBXBuildFile; fileRef = B604AFE3245D760700FF8211 /* Assets.xcassets */; };
		B604AFE7245D760700FF8211 /* LaunchScreen.storyboard in Resources */ = {isa = PBXBuildFile; fileRef = B604AFE5245D760700FF8211 /* LaunchScreen.storyboard */; };
/* End PBXBuildFile section */

/* Begin PBXFileReference section */
		B604AFD4245D760600FF8211 /* MindImprovement.app */ = {isa = PBXFileReference; explicitFileType = wrapper.application; includeInIndex = 0; path = MindImprovement.app; sourceTree = BUILT_PRODUCTS_DIR; };
		B604AFD7245D760600FF8211 /* AppDelegate.swift */ = {isa = PBXFileReference; lastKnownFileType = sourcecode.swift; path = AppDelegate.swift; sourceTree = "<group>"; };
		B604AFD9245D760600FF8211 /* SceneDelegate.swift */ = {isa = PBXFileReference; lastKnownFileType = sourcecode.swift; path = SceneDelegate.swift; sourceTree = "<group>"; };
		B604AFDB245D760600FF8211 /* ViewController.swift */ = {isa = PBXFileReference; lastKnownFileType = sourcecode.swift; path = ViewController.swift; sourceTree = "<group>"; };
		B604AFDE245D760600FF8211 /* Base */ = {isa = PBXFileReference; lastKnownFileType = file.storyboard; name = Base; path = Base.lproj/Main.storyboard; sourceTree = "<group>"; };
		B604AFE1245D760600FF8211 /* MindImprovement.xcdatamodel */ = {isa = PBXFileReference; lastKnownFileType = wrapper.xcdatamodel; path = MindImprovement.xcdatamodel; sourceTree = "<group>"; };
		B604AFE3245D760700FF8211 /* Assets.xcassets */ = {isa = PBXFileReference; lastKnownFileType = folder.assetcatalog; path = Assets.xcassets; sourceTree = "<group>"; };
		B604AFE6245D760700FF8211 /* Base */ = {isa = PBXFileReference; lastKnownFileType = file.storyboard; name = Base; path = Base.lproj/LaunchScreen.storyboard; sourceTree = "<group>"; };
		B604AFE8245D760700FF8211 /* Info.plist */ = {isa = PBXFileReference; lastKnownFileType = text.plist.xml; path = Info.plist; sourceTree = "<group>"; };
/* End PBXFileReference section */

/* Begin PBXFrameworksBuildPhase section */
		B604AFD1245D760600FF8211 /* Frameworks */ = {
			isa = PBXFrameworksBuildPhase;
			buildActionMask = 2147483647;
			files = (
			);
			runOnlyForDeploymentPostprocessing = 0;
		};
/* End PBXFrameworksBuildPhase section */

/* Begin PBXGroup section */
		B604AFCB245D760600FF8211 = {
			isa = PBXGroup;
			children = (
				B604AFD6245D760600FF8211 /* MindImprovement */,
				B604AFD5245D760600FF8211 /* Products */,
			);
			sourceTree = "<group>";
		};
		B604AFD5245D760600FF8211 /* Products */ = {
			isa = PBXGroup;
			children = (
				B604AFD4245D760600FF8211 /* MindImprovement.app */,
			);
			name = Products;
			sourceTree = "<group>";
		};
		B604AFD6245D760600FF8211 /* MindImprovement */ = {
			isa = PBXGroup;
			children = (
				B604AFD7245D760600FF8211 /* AppDelegate.swift */,
				B604AFD9245D760600FF8211 /* SceneDelegate.swift */,
				B604AFDB245D760600FF8211 /* ViewController.swift */,
				B604AFDD245D760600FF8211 /* Main.storyboard */,
				B604AFE3245D760700FF8211 /* Assets.xcassets */,
				B604AFE5245D760700FF8211 /* LaunchScreen.storyboard */,
				B604AFE8245D760700FF8211 /* Info.plist */,
				B604AFE0245D760600FF8211 /* MindImprovement.xcdatamodeld */,
			);
			path = MindImprovement;
			sourceTree = "<group>";
		};
/* End PBXGroup section */

/* Begin PBXNativeTarget section */
		B604AFD3245D760600FF8211 /* MindImprovement */ = {
			isa = PBXNativeTarget;
			buildConfigurationList = B604AFEB245D760700FF8211 /* Build configuration list for PBXNativeTarget "MindImprovement" */;
			buildPhases = (
				B604AFD0245D760600FF8211 /* Sources */,
				B604AFD1245D760600FF8211 /* Frameworks */,
				B604AFD2245D760600FF8211 /* Resources */,
			);
			buildRules = (
			);
			dependencies = (
			);
			name = MindImprovement;
			productName = MindImprovement;
			productReference = B604AFD4245D760600FF8211 /* MindImprovement.app */;
			productType = "com.apple.product-type.application";
		};
/* End PBXNativeTarget section */

/* Begin PBXProject section */
		B604AFCC245D760600FF8211 /* Project object */ = {
			isa = PBXProject;
			attributes = {
				LastSwiftUpdateCheck = 1130;
				LastUpgradeCheck = 1130;
				ORGANIZATIONNAME = "최은지";
				TargetAttributes = {
					B604AFD3245D760600FF8211 = {
						CreatedOnToolsVersion = 11.3.1;
					};
				};
			};
			buildConfigurationList = B604AFCF245D760600FF8211 /* Build configuration list for PBXProject "MindImprovement" */;
			compatibilityVersion = "Xcode 9.3";
			developmentRegion = en;
			hasScannedForEncodings = 0;
			knownRegions = (
				en,
				Base,
			);
			mainGroup = B604AFCB245D760600FF8211;
			productRefGroup = B604AFD5245D760600FF8211 /* Products */;
			projectDirPath = "";
			projectRoot = "";
			targets = (
				B604AFD3245D760600FF8211 /* MindImprovement */,
			);
		};
/* End PBXProject section */

/* Begin PBXResourcesBuildPhase section */
		B604AFD2245D760600FF8211 /* Resources */ = {
			isa = PBXResourcesBuildPhase;
			buildActionMask = 2147483647;
			files = (
				B604AFE7245D760700FF8211 /* LaunchScreen.storyboard in Resources */,
				B604AFE4245D760700FF8211 /* Assets.xcassets in Resources */,
				B604AFDF245D760600FF8211 /* Main.storyboard in Resources */,
			);
			runOnlyForDeploymentPostprocessing = 0;
		};
/* End PBXResourcesBuildPhase section */

/* Begin PBXSourcesBuildPhase section */
		B604AFD0245D760600FF8211 /* Sources */ = {
			isa = PBXSourcesBuildPhase;
			buildActionMask = 2147483647;
			files = (
				B604AFDC245D760600FF8211 /* ViewController.swift in Sources */,
				B604AFD8245D760600FF8211 /* AppDelegate.swift in Sources */,
				B604AFE2245D760600FF8211 /* MindImprovement.xcdatamodeld in Sources */,
				B604AFDA245D760600FF8211 /* SceneDelegate.swift in Sources */,
			);
			runOnlyForDeploymentPostprocessing = 0;
		};
/* End PBXSourcesBuildPhase section */

/* Begin PBXVariantGroup section */
		B604AFDD245D760600FF8211 /* Main.storyboard */ = {
			isa = PBXVariantGroup;
			children = (
				B604AFDE245D760600FF8211 /* Base */,
			);
			name = Main.storyboard;
			sourceTree = "<group>";
		};
		B604AFE5245D760700FF8211 /* LaunchScreen.storyboard */ = {
			isa = PBXVariantGroup;
			children = (
				B604AFE6245D760700FF8211 /* Base */,
			);
			name = LaunchScreen.storyboard;
			sourceTree = "<group>";
		};
/* End PBXVariantGroup section */

/* Begin XCBuildConfiguration section */
		B604AFE9245D760700FF8211 /* Debug */ = {
			isa = XCBuildConfiguration;
			buildSettings = {
				ALWAYS_SEARCH_USER_PATHS = NO;
				CLANG_ANALYZER_NONNULL = YES;
				CLANG_ANALYZER_NUMBER_OBJECT_CONVERSION = YES_AGGRESSIVE;
				CLANG_CXX_LANGUAGE_STANDARD = "gnu++14";
				CLANG_CXX_LIBRARY = "libc++";
				CLANG_ENABLE_MODULES = YES;
				CLANG_ENABLE_OBJC_ARC = YES;
				CLANG_ENABLE_OBJC_WEAK = YES;
				CLANG_WARN_BLOCK_CAPTURE_AUTORELEASING = YES;
				CLANG_WARN_BOOL_CONVERSION = YES;
				CLANG_WARN_COMMA = YES;
				CLANG_WARN_CONSTANT_CONVERSION = YES;
				CLANG_WARN_DEPRECATED_OBJC_IMPLEMENTATIONS = YES;
				CLANG_WARN_DIRECT_OBJC_ISA_USAGE = YES_ERROR;
				CLANG_WARN_DOCUMENTATION_COMMENTS = YES;
				CLANG_WARN_EMPTY_BODY = YES;
				CLANG_WARN_ENUM_CONVERSION = YES;
				CLANG_WARN_INFINITE_RECURSION = YES;
				CLANG_WARN_INT_CONVERSION = YES;
				CLANG_WARN_NON_LITERAL_NULL_CONVERSION = YES;
				CLANG_WARN_OBJC_IMPLICIT_RETAIN_SELF = YES;
				CLANG_WARN_OBJC_LITERAL_CONVERSION = YES;
				CLANG_WARN_OBJC_ROOT_CLASS = YES_ERROR;
				CLANG_WARN_RANGE_LOOP_ANALYSIS = YES;
				CLANG_WARN_STRICT_PROTOTYPES = YES;
				CLANG_WARN_SUSPICIOUS_MOVE = YES;
				CLANG_WARN_UNGUARDED_AVAILABILITY = YES_AGGRESSIVE;
				CLANG_WARN_UNREACHABLE_CODE = YES;
				CLANG_WARN__DUPLICATE_METHOD_MATCH = YES;
				COPY_PHASE_STRIP = NO;
				DEBUG_INFORMATION_FORMAT = dwarf;
				ENABLE_STRICT_OBJC_MSGSEND = YES;
				ENABLE_TESTABILITY = YES;
				GCC_C_LANGUAGE_STANDARD = gnu11;
				GCC_DYNAMIC_NO_PIC = NO;
				GCC_NO_COMMON_BLOCKS = YES;
				GCC_OPTIMIZATION_LEVEL = 0;
				GCC_PREPROCESSOR_DEFINITIONS = (
					"DEBUG=1",
					"$(inherited)",
				);
				GCC_WARN_64_TO_32_BIT_CONVERSION = YES;
				GCC_WARN_ABOUT_RETURN_TYPE = YES_ERROR;
				GCC_WARN_UNDECLARED_SELECTOR = YES;
				GCC_WARN_UNINITIALIZED_AUTOS = YES_AGGRESSIVE;
				GCC_WARN_UNUSED_FUNCTION = YES;
				GCC_WARN_UNUSED_VARIABLE = YES;
				IPHONEOS_DEPLOYMENT_TARGET = 13.2;
				MTL_ENABLE_DEBUG_INFO = INCLUDE_SOURCE;
				MTL_FAST_MATH = YES;
				ONLY_ACTIVE_ARCH = YES;
				SDKROOT = iphoneos;
				SWIFT_ACTIVE_COMPILATION_CONDITIONS = DEBUG;
				SWIFT_OPTIMIZATION_LEVEL = "-Onone";
			};
			name = Debug;
		};
		B604AFEA245D760700FF8211 /* Release */ = {
			isa = XCBuildConfiguration;
			buildSettings = {
				ALWAYS_SEARCH_USER_PATHS = NO;
				CLANG_ANALYZER_NONNULL = YES;
				CLANG_ANALYZER_NUMBER_OBJECT_CONVERSION = YES_AGGRESSIVE;
				CLANG_CXX_LANGUAGE_STANDARD = "gnu++14";
				CLANG_CXX_LIBRARY = "libc++";
				CLANG_ENABLE_MODULES = YES;
				CLANG_ENABLE_OBJC_ARC = YES;
				CLANG_ENABLE_OBJC_WEAK = YES;
				CLANG_WARN_BLOCK_CAPTURE_AUTORELEASING = YES;
				CLANG_WARN_BOOL_CONVERSION = YES;
				CLANG_WARN_COMMA = YES;
				CLANG_WARN_CONSTANT_CONVERSION = YES;
				CLANG_WARN_DEPRECATED_OBJC_IMPLEMENTATIONS = YES;
				CLANG_WARN_DIRECT_OBJC_ISA_USAGE = YES_ERROR;
				CLANG_WARN_DOCUMENTATION_COMMENTS = YES;
				CLANG_WARN_EMPTY_BODY = YES;
				CLANG_WARN_ENUM_CONVERSION = YES;
				CLANG_WARN_INFINITE_RECURSION = YES;
				CLANG_WARN_INT_CONVERSION = YES;
				CLANG_WARN_NON_LITERAL_NULL_CONVERSION = YES;
				CLANG_WARN_OBJC_IMPLICIT_RETAIN_SELF = YES;
				CLANG_WARN_OBJC_LITERAL_CONVERSION = YES;
				CLANG_WARN_OBJC_ROOT_CLASS = YES_ERROR;
				CLANG_WARN_RANGE_LOOP_ANALYSIS = YES;
				CLANG_WARN_STRICT_PROTOTYPES = YES;
				CLANG_WARN_SUSPICIOUS_MOVE = YES;
				CLANG_WARN_UNGUARDED_AVAILABILITY = YES_AGGRESSIVE;
				CLANG_WARN_UNREACHABLE_CODE = YES;
				CLANG_WARN__DUPLICATE_METHOD_MATCH = YES;
				COPY_PHASE_STRIP = NO;
				DEBUG_INFORMATION_FORMAT = "dwarf-with-dsym";
				ENABLE_NS_ASSERTIONS = NO;
				ENABLE_STRICT_OBJC_MSGSEND = YES;
				GCC_C_LANGUAGE_STANDARD = gnu11;
				GCC_NO_COMMON_BLOCKS = YES;
				GCC_WARN_64_TO_32_BIT_CONVERSION = YES;
				GCC_WARN_ABOUT_RETURN_TYPE = YES_ERROR;
				GCC_WARN_UNDECLARED_SELECTOR = YES;
				GCC_WARN_UNINITIALIZED_AUTOS = YES_AGGRESSIVE;
				GCC_WARN_UNUSED_FUNCTION = YES;
				GCC_WARN_UNUSED_VARIABLE = YES;
				IPHONEOS_DEPLOYMENT_TARGET = 13.2;
				MTL_ENABLE_DEBUG_INFO = NO;
				MTL_FAST_MATH = YES;
				SDKROOT = iphoneos;
				SWIFT_COMPILATION_MODE = wholemodule;
				SWIFT_OPTIMIZATION_LEVEL = "-O";
				VALIDATE_PRODUCT = YES;
			};
			name = Release;
		};
		B604AFEC245D760700FF8211 /* Debug */ = {
			isa = XCBuildConfiguration;
			buildSettings = {
				ASSETCATALOG_COMPILER_APPICON_NAME = AppIcon;
				CODE_SIGN_STYLE = Automatic;
				INFOPLIST_FILE = MindImprovement/Info.plist;
				LD_RUNPATH_SEARCH_PATHS = (
					"$(inherited)",
					"@executable_path/Frameworks",
				);
				PRODUCT_BUNDLE_IDENTIFIER = com.mj.MindImprovement;
				PRODUCT_NAME = "$(TARGET_NAME)";
				SWIFT_VERSION = 5.0;
				TARGETED_DEVICE_FAMILY = "1,2";
			};
			name = Debug;
		};
		B604AFED245D760700FF8211 /* Release */ = {
			isa = XCBuildConfiguration;
			buildSettings = {
				ASSETCATALOG_COMPILER_APPICON_NAME = AppIcon;
				CODE_SIGN_STYLE = Automatic;
				INFOPLIST_FILE = MindImprovement/Info.plist;
				LD_RUNPATH_SEARCH_PATHS = (
					"$(inherited)",
					"@executable_path/Frameworks",
				);
				PRODUCT_BUNDLE_IDENTIFIER = com.mj.MindImprovement;
				PRODUCT_NAME = "$(TARGET_NAME)";
				SWIFT_VERSION = 5.0;
				TARGETED_DEVICE_FAMILY = "1,2";
			};
			name = Release;
		};
/* End XCBuildConfiguration section */

/* Begin XCConfigurationList section */
		B604AFCF245D760600FF8211 /* Build configuration list for PBXProject "MindImprovement" */ = {
			isa = XCConfigurationList;
			buildConfigurations = (
				B604AFE9245D760700FF8211 /* Debug */,
				B604AFEA245D760700FF8211 /* Release */,
			);
			defaultConfigurationIsVisible = 0;
			defaultConfigurationName = Release;
		};
		B604AFEB245D760700FF8211 /* Build configuration list for PBXNativeTarget "MindImprovement" */ = {
			isa = XCConfigurationList;
			buildConfigurations = (
				B604AFEC245D760700FF8211 /* Debug */,
				B604AFED245D760700FF8211 /* Release */,
			);
			defaultConfigurationIsVisible = 0;
			defaultConfigurationName = Release;
		};
/* End XCConfigurationList section */

/* Begin XCVersionGroup section */
		B604AFE0245D760600FF8211 /* MindImprovement.xcdatamodeld */ = {
			isa = XCVersionGroup;
			children = (
				B604AFE1245D760600FF8211 /* MindImprovement.xcdatamodel */,
			);
			currentVersion = B604AFE1245D760600FF8211 /* MindImprovement.xcdatamodel */;
			path = MindImprovement.xcdatamodeld;
			sourceTree = "<group>";
			versionGroupType = wrapper.xcdatamodel;
		};
/* End XCVersionGroup section */
	};
	rootObject = B604AFCC245D760600FF8211 /* Project object */;
}
